{
  "name": "@somework/manager",
  "version": "0.1.0",
  "lockfileVersion": 3,
  "requires": true,
  "packages": {
    "": {
      "name": "@somework/manager",
      "version": "0.1.0",
      "dependencies": {
        "@somework/sdk": "file:../../sdk/typescript"
      },
      "engines": {
        "node": ">=22.19.0"
      }
    },
    "../../sdk/typescript": {
      "name": "@somework/sdk",
      "version": "0.1.0",
      "dependencies": {
        "@nats-io/jetstream": "3.4.0",
        "@nats-io/transport-node": "3.4.0"
      },
      "engines": {
        "node": ">=22.19.0"
      }
    },
    "node_modules/@somework/sdk": {
      "resolved": "../../sdk/typescript",
      "link": true
    }
  }
}
